{
  "object": {
    "pins": [
      {
        "package": "CSV.swift",
        "repositoryURL": "https://github.com/yaslab/CSV.swift",
        "state": {
          "branch": null,
          "revision": "81d2874c51db364d7e1d71b0d99018a294c87ac1",
          "version": "2.4.3"
        }
      },
      {
        "package": "Plotly",
        "repositoryURL": "https://github.com/vojtamolda/Plotly.swift",
        "state": {
          "branch": null,
          "revision": "cdc4a206d4ef1fa25dcd026dfde9523298b8e11c",
          "version": "0.3.1"
        }
      }
    ]
  },
  "version": 1
}
